// !$*UTF8*$!
{
	archiveVersion = 1;
	classes = {
	};
	objectVersion = 60;
	objects = {

/* Begin PBXBuildFile section */
		8679989CCAA1E8EAB619F9C0 /* Foundation.framework in Frameworks */ = {isa = PBXBuildFile; fileRef = E2BD21FEFE1C90D383D51F36 /* Foundation.framework */; };
		878551ED7EF0AF384C24C3E9 /* SmokeTests.swift in Sources */ = {isa = PBXBuildFile; fileRef = 770A0B8D95A5DF5DDB014F30 /* SmokeTests.swift */; };
		B10000000000000000000001 /* TetherIOSApp.swift in Sources */ = {isa = PBXBuildFile; fileRef = B10000000000000000000011 /* TetherIOSApp.swift */; };
		B10000000000000000000002 /* RootView.swift in Sources */ = {isa = PBXBuildFile; fileRef = B10000000000000000000012 /* RootView.swift */; };
		B10000000000000000000003 /* Assets.xcassets in Resources */ = {isa = PBXBuildFile; fileRef = B10000000000000000000013 /* Assets.xcassets */; };
		B10000000000000000000004 /* TetherKit in Frameworks */ = {isa = PBXBuildFile; productRef = B10000000000000000000021 /* TetherKit */; };
		B20000000000000000000001 /* NotificationService.swift in Sources */ = {isa = PBXBuildFile; fileRef = B20000000000000000000011 /* NotificationService.swift */; };
		B20000000000000000000002 /* TetherNotificationService.appex in Embed Foundation Extensions */ = {isa = PBXBuildFile; fileRef = B20000000000000000000010 /* TetherNotificationService.appex */; settings = {ATTRIBUTES = (RemoveHeadersOnCopy, ); }; };
		EFF564D5D8B41FBAF8244512 /* SmokeTests.swift in Sources */ = {isa = PBXBuildFile; fileRef = 0F5B4A376FD549DC06F9AB21 /* SmokeTests.swift */; };
		FDB5B6F6BE935F8EC6CE5BEA /* Foundation.framework in Frameworks */ = {isa = PBXBuildFile; fileRef = E2BD21FEFE1C90D383D51F36 /* Foundation.framework */; };
/* End PBXBuildFile section */

/* Begin PBXContainerItemProxy section */
		17977D3948A4675579A7BD61 /* PBXContainerItemProxy */ = {
			isa = PBXContainerItemProxy;
			containerPortal = B10000000000000000000050 /* Project object */;
			proxyType = 1;
			remoteGlobalIDString = B10000000000000000000040;
			remoteInfo = TetherIOS;
		};
		B20000000000000000000050 /* PBXContainerItemProxy */ = {
			isa = PBXContainerItemProxy;
			containerPortal = B10000000000000000000050 /* Project object */;
			proxyType = 1;
			remoteGlobalIDString = B20000000000000000000040;
			remoteInfo = TetherNotificationService;
		};
		E2AAE2E3BF45AADC7F95E12C /* PBXContainerItemProxy */ = {
			isa = PBXContainerItemProxy;
			containerPortal = B10000000000000000000050 /* Project object */;
			proxyType = 1;
			remoteGlobalIDString = B10000000000000000000040;
			remoteInfo = TetherIOS;
		};
/* End PBXContainerItemProxy section */

/* Begin PBXCopyFilesBuildPhase section */
		B20000000000000000000043 /* Embed Foundation Extensions */ = {
			isa = PBXCopyFilesBuildPhase;
			buildActionMask = 2147483647;
			dstPath = "";
			dstSubfolderSpec = 13;
			files = (
				B20000000000000000000002 /* TetherNotificationService.appex in Embed Foundation Extensions */,
			);
			name = "Embed Foundation Extensions";
			runOnlyForDeploymentPostprocessing = 0;
		};
/* End PBXCopyFilesBuildPhase section */

/* Begin PBXFileReference section */
		0F5B4A376FD549DC06F9AB21 /* SmokeTests.swift */ = {isa = PBXFileReference; includeInIndex = 1; lastKnownFileType = sourcecode.swift; path = SmokeTests.swift; sourceTree = "<group>"; };
		290B17FBF0DEE90EFB9E920D /* TetherIOSUITests.xctest */ = {isa = PBXFileReference; explicitFileType = wrapper.cfbundle; includeInIndex = 0; path = TetherIOSUITests.xctest; sourceTree = BUILT_PRODUCTS_DIR; };
		54745A1AEDC99F59E1A127C6 /* TetherIOSUITests.xctest */ = {isa = PBXFileReference; explicitFileType = wrapper.cfbundle; includeInIndex = 0; path = TetherIOSUITests.xctest; sourceTree = BUILT_PRODUCTS_DIR; };
		770A0B8D95A5DF5DDB014F30 /* SmokeTests.swift */ = {isa = PBXFileReference; includeInIndex = 1; lastKnownFileType = sourcecode.swift; name = SmokeTests.swift; path = TetherIOSUITests/SmokeTests.swift; sourceTree = "<group>"; };
		77187FE47320817D4927721D /* TetherIOSUITests.xctest */ = {isa = PBXFileReference; explicitFileType = wrapper.cfbundle; includeInIndex = 0; path = TetherIOSUITests.xctest; sourceTree = BUILT_PRODUCTS_DIR; };
		B10000000000000000000010 /* TetherIOS.app */ = {isa = PBXFileReference; explicitFileType = wrapper.application; includeInIndex = 0; path = TetherIOS.app; sourceTree = BUILT_PRODUCTS_DIR; };
		B10000000000000000000011 /* TetherIOSApp.swift */ = {isa = PBXFileReference; lastKnownFileType = sourcecode.swift; path = TetherIOSApp.swift; sourceTree = "<group>"; };
		B10000000000000000000012 /* RootView.swift */ = {isa = PBXFileReference; lastKnownFileType = sourcecode.swift; path = RootView.swift; sourceTree = "<group>"; };
		B10000000000000000000013 /* Assets.xcassets */ = {isa = PBXFileReference; lastKnownFileType = folder.assetcatalog; path = Assets.xcassets; sourceTree = "<group>"; };
		B10000000000000000000014 /* Info.plist */ = {isa = PBXFileReference; lastKnownFileType = text.plist.xml; path = Info.plist; sourceTree = "<group>"; };
		B10000000000000000000015 /* TetherIOS.entitlements */ = {isa = PBXFileReference; lastKnownFileType = text.plist.entitlements; path = TetherIOS.entitlements; sourceTree = "<group>"; };
		B10000000000000000000016 /* TetherIOSRelease.entitlements */ = {isa = PBXFileReference; lastKnownFileType = text.plist.entitlements; path = TetherIOSRelease.entitlements; sourceTree = "<group>"; };
		B20000000000000000000010 /* TetherNotificationService.appex */ = {isa = PBXFileReference; explicitFileType = "wrapper.app-extension"; includeInIndex = 0; path = TetherNotificationService.appex; sourceTree = BUILT_PRODUCTS_DIR; };
		B20000000000000000000011 /* NotificationService.swift */ = {isa = PBXFileReference; lastKnownFileType = sourcecode.swift; path = NotificationService.swift; sourceTree = "<group>"; };
		B20000000000000000000012 /* Info.plist */ = {isa = PBXFileReference; lastKnownFileType = text.plist.xml; path = Info.plist; sourceTree = "<group>"; };
		B20000000000000000000013 /* TetherNotificationService.entitlements */ = {isa = PBXFileReference; lastKnownFileType = text.plist.entitlements; path = TetherNotificationService.entitlements; sourceTree = "<group>"; };
		E2BD21FEFE1C90D383D51F36 /* Foundation.framework */ = {isa = PBXFileReference; lastKnownFileType = wrapper.framework; name = Foundation.framework; path = Platforms/iPhoneOS.platform/Developer/SDKs/iPhoneOS18.0.sdk/System/Library/Frameworks/Foundation.framework; sourceTree = DEVELOPER_DIR; };
/* End PBXFileReference section */

/* Begin PBXFrameworksBuildPhase section */
		B10000000000000000000020 /* Frameworks */ = {
			isa = PBXFrameworksBuildPhase;
			buildActionMask = 2147483647;
			files = (
				B10000000000000000000004 /* TetherKit in Frameworks */,
			);
			runOnlyForDeploymentPostprocessing = 0;
		};
		B20000000000000000000020 /* Frameworks */ = {
			isa = PBXFrameworksBuildPhase;
			buildActionMask = 2147483647;
			files = (
			);
			runOnlyForDeploymentPostprocessing = 0;
		};
		B2C439F06D0CBAB658B52215 /* Frameworks */ = {
			isa = PBXFrameworksBuildPhase;
			buildActionMask = 2147483647;
			files = (
				FDB5B6F6BE935F8EC6CE5BEA /* Foundation.framework in Frameworks */,
			);
			runOnlyForDeploymentPostprocessing = 0;
		};
/* End PBXFrameworksBuildPhase section */

/* Begin PBXGroup section */
		0CA6FEC3A4BACBA59F19B60A /* TetherIOSUITests */ = {
			isa = PBXGroup;
			children = (
				0F5B4A376FD549DC06F9AB21 /* SmokeTests.swift */,
			);
			name = TetherIOSUITests;
			path = TetherIOSUITests;
			sourceTree = "<group>";
		};
		68840653A3BEF6674E8A045E /* iOS */ = {
			isa = PBXGroup;
			children = (
				E2BD21FEFE1C90D383D51F36 /* Foundation.framework */,
			);
			name = iOS;
			sourceTree = "<group>";
		};
		B10000000000000000000030 = {
			isa = PBXGroup;
			children = (
				B10000000000000000000031 /* TetherIOS */,
				B20000000000000000000030 /* TetherNotificationService */,
				B10000000000000000000032 /* Products */,
				BE486F8174AA69DB6084FF83 /* Frameworks */,
				0CA6FEC3A4BACBA59F19B60A /* TetherIOSUITests */,
			);
			sourceTree = "<group>";
		};
		B10000000000000000000031 /* TetherIOS */ = {
			isa = PBXGroup;
			children = (
				B10000000000000000000011 /* TetherIOSApp.swift */,
				B10000000000000000000012 /* RootView.swift */,
				B10000000000000000000013 /* Assets.xcassets */,
				B10000000000000000000014 /* Info.plist */,
				B10000000000000000000015 /* TetherIOS.entitlements */,
				B10000000000000000000016 /* TetherIOSRelease.entitlements */,
			);
			path = TetherIOS;
			sourceTree = "<group>";
		};
		B10000000000000000000032 /* Products */ = {
			isa = PBXGroup;
			children = (
				B10000000000000000000010 /* TetherIOS.app */,
				B20000000000000000000010 /* TetherNotificationService.appex */,
				54745A1AEDC99F59E1A127C6 /* TetherIOSUITests.xctest */,
				77187FE47320817D4927721D /* TetherIOSUITests.xctest */,
				290B17FBF0DEE90EFB9E920D /* TetherIOSUITests.xctest */,
			);
			name = Products;
			sourceTree = "<group>";
		};
		B20000000000000000000030 /* TetherNotificationService */ = {
			isa = PBXGroup;
			children = (
				B20000000000000000000011 /* NotificationService.swift */,
				B20000000000000000000012 /* Info.plist */,
				B20000000000000000000013 /* TetherNotificationService.entitlements */,
			);
			path = TetherNotificationService;
			sourceTree = "<group>";
		};
		BE486F8174AA69DB6084FF83 /* Frameworks */ = {
			isa = PBXGroup;
			children = (
				68840653A3BEF6674E8A045E /* iOS */,
			);
			name = Frameworks;
			sourceTree = "<group>";
		};
/* End PBXGroup section */

/* Begin PBXNativeTarget section */
		B10000000000000000000040 /* TetherIOS */ = {
			isa = PBXNativeTarget;
			buildConfigurationList = B10000000000000000000060 /* Build configuration list for PBXNativeTarget "TetherIOS" */;
			buildPhases = (
				B10000000000000000000041 /* Sources */,
				B10000000000000000000020 /* Frameworks */,
				B10000000000000000000042 /* Resources */,
				B20000000000000000000043 /* Embed Foundation Extensions */,
			);
			buildRules = (
			);
			dependencies = (
				B20000000000000000000051 /* PBXTargetDependency */,
			);
			name = TetherIOS;
			packageProductDependencies = (
				B10000000000000000000021 /* TetherKit */,
			);
			productName = TetherIOS;
			productReference = B10000000000000000000010 /* TetherIOS.app */;
			productType = "com.apple.product-type.application";
		};
		B20000000000000000000040 /* TetherNotificationService */ = {
			isa = PBXNativeTarget;
			buildConfigurationList = B20000000000000000000060 /* Build configuration list for PBXNativeTarget "TetherNotificationService" */;
			buildPhases = (
				B20000000000000000000041 /* Sources */,
				B20000000000000000000020 /* Frameworks */,
				B20000000000000000000042 /* Resources */,
			);
			buildRules = (
			);
			dependencies = (
			);
			name = TetherNotificationService;
			productName = TetherNotificationService;
			productReference = B20000000000000000000010 /* TetherNotificationService.appex */;
			productType = "com.apple.product-type.app-extension";
		};
		D5AFDAF6910B9D0F556EAA72 /* TetherIOSUITests */ = {
			isa = PBXNativeTarget;
			buildConfigurationList = 3B34CC97BDB6121200D62174 /* Build configuration list for PBXNativeTarget "TetherIOSUITests" */;
			buildPhases = (
				5D27559128466B26141C0F47 /* Sources */,
				B2C439F06D0CBAB658B52215 /* Frameworks */,
				FD88D797E939FD0EF084D113 /* Resources */,
			);
			buildRules = (
			);
			dependencies = (
				69A3F7D5563B55582B6C8A28 /* PBXTargetDependency */,
			);
			name = TetherIOSUITests;
			productName = TetherIOSUITests;
			productReference = 290B17FBF0DEE90EFB9E920D /* TetherIOSUITests.xctest */;
			productType = "com.apple.product-type.bundle.ui-testing";
		};
/* End PBXNativeTarget section */

/* Begin PBXProject section */
		B10000000000000000000050 /* Project object */ = {
			isa = PBXProject;
			attributes = {
				BuildIndependentTargetsInParallel = 1;
				LastSwiftUpdateCheck = 1600;
				LastUpgradeCheck = 1600;
				TargetAttributes = {
					B10000000000000000000040 = {
						CreatedOnToolsVersion = 16.0;
					};
					B20000000000000000000040 = {
						CreatedOnToolsVersion = 16.0;
					};
				};
			};
			buildConfigurationList = B10000000000000000000061 /* Build configuration list for PBXProject "Tether" */;
			compatibilityVersion = "Xcode 14.0";
			developmentRegion = en;
			hasScannedForEncodings = 0;
			knownRegions = (
				en,
				Base,
			);
			mainGroup = B10000000000000000000030;
			packageReferences = (
				B10000000000000000000022 /* XCLocalSwiftPackageReference "TetherKit" */,
			);
			productRefGroup = B10000000000000000000032 /* Products */;
			projectDirPath = "";
			projectRoot = "";
			targets = (
				B10000000000000000000040 /* TetherIOS */,
				B20000000000000000000040 /* TetherNotificationService */,
				D5AFDAF6910B9D0F556EAA72 /* TetherIOSUITests */,
			);
		};
/* End PBXProject section */

/* Begin PBXResourcesBuildPhase section */
		B10000000000000000000042 /* Resources */ = {
			isa = PBXResourcesBuildPhase;
			buildActionMask = 2147483647;
			files = (
				B10000000000000000000003 /* Assets.xcassets in Resources */,
			);
			runOnlyForDeploymentPostprocessing = 0;
		};
		B20000000000000000000042 /* Resources */ = {
			isa = PBXResourcesBuildPhase;
			buildActionMask = 2147483647;
			files = (
			);
			runOnlyForDeploymentPostprocessing = 0;
		};
		FD88D797E939FD0EF084D113 /* Resources */ = {
			isa = PBXResourcesBuildPhase;
			buildActionMask = 2147483647;
			files = (
			);
			runOnlyForDeploymentPostprocessing = 0;
		};
/* End PBXResourcesBuildPhase section */

/* Begin PBXSourcesBuildPhase section */
		5D27559128466B26141C0F47 /* Sources */ = {
			isa = PBXSourcesBuildPhase;
			buildActionMask = 2147483647;
			files = (
				EFF564D5D8B41FBAF8244512 /* SmokeTests.swift in Sources */,
			);
			runOnlyForDeploymentPostprocessing = 0;
		};
		B10000000000000000000041 /* Sources */ = {
			isa = PBXSourcesBuildPhase;
			buildActionMask = 2147483647;
			files = (
				B10000000000000000000001 /* TetherIOSApp.swift in Sources */,
				B10000000000000000000002 /* RootView.swift in Sources */,
			);
			runOnlyForDeploymentPostprocessing = 0;
		};
		B20000000000000000000041 /* Sources */ = {
			isa = PBXSourcesBuildPhase;
			buildActionMask = 2147483647;
			files = (
				B20000000000000000000001 /* NotificationService.swift in Sources */,
			);
			runOnlyForDeploymentPostprocessing = 0;
		};
/* End PBXSourcesBuildPhase section */

/* Begin PBXTargetDependency section */
		69A3F7D5563B55582B6C8A28 /* PBXTargetDependency */ = {
			isa = PBXTargetDependency;
			name = TetherIOS;
			target = B10000000000000000000040 /* TetherIOS */;
			targetProxy = 17977D3948A4675579A7BD61 /* PBXContainerItemProxy */;
		};
		B20000000000000000000051 /* PBXTargetDependency */ = {
			isa = PBXTargetDependency;
			target = B20000000000000000000040 /* TetherNotificationService */;
			targetProxy = B20000000000000000000050 /* PBXContainerItemProxy */;
		};
/* End PBXTargetDependency section */

/* Begin XCBuildConfiguration section */
		7F12698A909173029B381375 /* Debug */ = {
			isa = XCBuildConfiguration;
			buildSettings = {
				CLANG_ENABLE_OBJC_WEAK = NO;
				CODE_SIGNING_ALLOWED = NO;
				CODE_SIGNING_REQUIRED = NO;
				GENERATE_INFOPLIST_FILE = YES;
				IPHONEOS_DEPLOYMENT_TARGET = 17.0;
				PRODUCT_BUNDLE_IDENTIFIER = "com.samuelloranger.tether-mobile.uitests";
				PRODUCT_NAME = "$(TARGET_NAME)";
				SDKROOT = iphoneos;
				SWIFT_EMIT_LOC_STRINGS = NO;
				SWIFT_VERSION = 5.0;
				TARGETED_DEVICE_FAMILY = "1,2";
				TEST_TARGET_NAME = TetherIOS;
			};
			name = Debug;
		};
		A093C9CECFB37961CDCF4201 /* Release */ = {
			isa = XCBuildConfiguration;
			buildSettings = {
				CLANG_ENABLE_OBJC_WEAK = NO;
				CODE_SIGNING_ALLOWED = NO;
				CODE_SIGNING_REQUIRED = NO;
				GENERATE_INFOPLIST_FILE = YES;
				IPHONEOS_DEPLOYMENT_TARGET = 17.0;
				PRODUCT_BUNDLE_IDENTIFIER = "com.samuelloranger.tether-mobile.uitests";
				PRODUCT_NAME = "$(TARGET_NAME)";
				SDKROOT = iphoneos;
				SWIFT_EMIT_LOC_STRINGS = NO;
				SWIFT_VERSION = 5.0;
				TARGETED_DEVICE_FAMILY = "1,2";
				TEST_TARGET_NAME = TetherIOS;
				VALIDATE_PRODUCT = YES;
			};
			name = Release;
		};
		B10000000000000000000070 /* Debug */ = {
			isa = XCBuildConfiguration;
			buildSettings = {
				ALWAYS_SEARCH_USER_PATHS = NO;
				CLANG_ENABLE_MODULES = YES;
				CLANG_ENABLE_OBJC_ARC = YES;
				COPY_PHASE_STRIP = NO;
				DEBUG_INFORMATION_FORMAT = dwarf;
				ENABLE_STRICT_OBJC_MSGSEND = YES;
				GCC_DYNAMIC_NO_PIC = NO;
				GCC_OPTIMIZATION_LEVEL = 0;
				GCC_PREPROCESSOR_DEFINITIONS = (
					"DEBUG=1",
					"$(inherited)",
				);
				IPHONEOS_DEPLOYMENT_TARGET = 17.0;
				MTL_ENABLE_DEBUG_INFO = INCLUDE_SOURCE;
				ONLY_ACTIVE_ARCH = YES;
				SDKROOT = iphoneos;
				SWIFT_ACTIVE_COMPILATION_CONDITIONS = DEBUG;
				SWIFT_OPTIMIZATION_LEVEL = "-Onone";
				SWIFT_VERSION = 5.10;
			};
			name = Debug;
		};
		B10000000000000000000071 /* Release */ = {
			isa = XCBuildConfiguration;
			buildSettings = {
				ALWAYS_SEARCH_USER_PATHS = NO;
				CLANG_ENABLE_MODULES = YES;
				CLANG_ENABLE_OBJC_ARC = YES;
				COPY_PHASE_STRIP = NO;
				DEBUG_INFORMATION_FORMAT = "dwarf-with-dsym";
				ENABLE_NS_ASSERTIONS = NO;
				ENABLE_STRICT_OBJC_MSGSEND = YES;
				IPHONEOS_DEPLOYMENT_TARGET = 17.0;
				MTL_ENABLE_DEBUG_INFO = NO;
				SDKROOT = iphoneos;
				SWIFT_COMPILATION_MODE = wholemodule;
				SWIFT_VERSION = 5.10;
				VALIDATE_PRODUCT = YES;
			};
			name = Release;
		};
		B10000000000000000000072 /* Debug */ = {
			isa = XCBuildConfiguration;
			buildSettings = {
				ASSETCATALOG_COMPILER_APPICON_NAME = AppIcon;
				CODE_SIGN_ENTITLEMENTS = TetherIOS/TetherIOS.entitlements;
				CODE_SIGN_STYLE = Automatic;
				CURRENT_PROJECT_VERSION = 1;
				DEVELOPMENT_TEAM = "";
				ENABLE_PREVIEWS = YES;
				GENERATE_INFOPLIST_FILE = NO;
				INFOPLIST_FILE = TetherIOS/Info.plist;
				LD_RUNPATH_SEARCH_PATHS = (
					"$(inherited)",
					"@executable_path/Frameworks",
				);
				MARKETING_VERSION = 4.4.1;
				PRODUCT_BUNDLE_IDENTIFIER = "com.samuelloranger.tether-mobile";
				PRODUCT_NAME = "$(TARGET_NAME)";
				PROVISIONING_PROFILE_SPECIFIER = "$(APP_PROVISIONING_PROFILE_SPECIFIER)";
				SUPPORTED_PLATFORMS = "iphoneos iphonesimulator";
				SUPPORTS_MACCATALYST = NO;
				SWIFT_EMIT_LOC_STRINGS = YES;
				TARGETED_DEVICE_FAMILY = "1,2";
			};
			name = Debug;
		};
		B10000000000000000000073 /* Release */ = {
			isa = XCBuildConfiguration;
			buildSettings = {
				ASSETCATALOG_COMPILER_APPICON_NAME = AppIcon;
				CODE_SIGN_ENTITLEMENTS = TetherIOS/TetherIOSRelease.entitlements;
				CODE_SIGN_STYLE = Automatic;
				CURRENT_PROJECT_VERSION = 1;
				DEVELOPMENT_TEAM = "";
				ENABLE_PREVIEWS = YES;
				GENERATE_INFOPLIST_FILE = NO;
				INFOPLIST_FILE = TetherIOS/Info.plist;
				LD_RUNPATH_SEARCH_PATHS = (
					"$(inherited)",
					"@executable_path/Frameworks",
				);
				MARKETING_VERSION = 4.4.1;
				PRODUCT_BUNDLE_IDENTIFIER = "com.samuelloranger.tether-mobile";
				PRODUCT_NAME = "$(TARGET_NAME)";
				PROVISIONING_PROFILE_SPECIFIER = "$(APP_PROVISIONING_PROFILE_SPECIFIER)";
				SUPPORTED_PLATFORMS = "iphoneos iphonesimulator";
				SUPPORTS_MACCATALYST = NO;
				SWIFT_EMIT_LOC_STRINGS = YES;
				TARGETED_DEVICE_FAMILY = "1,2";
			};
			name = Release;
		};
		B20000000000000000000072 /* Debug */ = {
			isa = XCBuildConfiguration;
			buildSettings = {
				CODE_SIGN_ENTITLEMENTS = TetherNotificationService/TetherNotificationService.entitlements;
				CODE_SIGN_STYLE = Automatic;
				CURRENT_PROJECT_VERSION = 1;
				DEVELOPMENT_TEAM = "";
				GENERATE_INFOPLIST_FILE = NO;
				INFOPLIST_FILE = TetherNotificationService/Info.plist;
				LD_RUNPATH_SEARCH_PATHS = (
					"$(inherited)",
					"@executable_path/Frameworks",
					"@executable_path/../../Frameworks",
				);
				MARKETING_VERSION = 4.4.1;
				PRODUCT_BUNDLE_IDENTIFIER = "com.samuelloranger.tether-mobile.TetherNotificationService";
				PRODUCT_NAME = "$(TARGET_NAME)";
				PROVISIONING_PROFILE_SPECIFIER = "$(NSE_PROVISIONING_PROFILE_SPECIFIER)";
				SKIP_INSTALL = YES;
				SUPPORTED_PLATFORMS = "iphoneos iphonesimulator";
				SUPPORTS_MACCATALYST = NO;
				SWIFT_EMIT_LOC_STRINGS = YES;
				TARGETED_DEVICE_FAMILY = "1,2";
			};
			name = Debug;
		};
		B20000000000000000000073 /* Release */ = {
			isa = XCBuildConfiguration;
			buildSettings = {
				CODE_SIGN_ENTITLEMENTS = TetherNotificationService/TetherNotificationService.entitlements;
				CODE_SIGN_STYLE = Automatic;
				CURRENT_PROJECT_VERSION = 1;
				DEVELOPMENT_TEAM = "";
				GENERATE_INFOPLIST_FILE = NO;
				INFOPLIST_FILE = TetherNotificationService/Info.plist;
				LD_RUNPATH_SEARCH_PATHS = (
					"$(inherited)",
					"@executable_path/Frameworks",
					"@executable_path/../../Frameworks",
				);
				MARKETING_VERSION = 4.4.1;
				PRODUCT_BUNDLE_IDENTIFIER = "com.samuelloranger.tether-mobile.TetherNotificationService";
				PRODUCT_NAME = "$(TARGET_NAME)";
				PROVISIONING_PROFILE_SPECIFIER = "$(NSE_PROVISIONING_PROFILE_SPECIFIER)";
				SKIP_INSTALL = YES;
				SUPPORTED_PLATFORMS = "iphoneos iphonesimulator";
				SUPPORTS_MACCATALYST = NO;
				SWIFT_EMIT_LOC_STRINGS = YES;
				TARGETED_DEVICE_FAMILY = "1,2";
			};
			name = Release;
		};
		CD5D289F34C04DFB7ACBC8D8 /* Debug */ = {
			isa = XCBuildConfiguration;
			buildSettings = {
				CLANG_ENABLE_OBJC_WEAK = NO;
				CODE_SIGNING_ALLOWED = NO;
				CODE_SIGNING_REQUIRED = NO;
				GENERATE_INFOPLIST_FILE = YES;
				IPHONEOS_DEPLOYMENT_TARGET = 17.0;
				PRODUCT_BUNDLE_IDENTIFIER = "com.samuelloranger.tether-mobile.uitests";
				PRODUCT_NAME = "$(TARGET_NAME)";
				SDKROOT = iphoneos;
				SWIFT_EMIT_LOC_STRINGS = NO;
				SWIFT_VERSION = 5.0;
				TARGETED_DEVICE_FAMILY = "1,2";
				TEST_TARGET_NAME = TetherIOS;
			};
			name = Debug;
		};
		FA455E65A00E67033AC09AEF /* Release */ = {
			isa = XCBuildConfiguration;
			buildSettings = {
				CLANG_ENABLE_OBJC_WEAK = NO;
				CODE_SIGNING_ALLOWED = NO;
				CODE_SIGNING_REQUIRED = NO;
				GENERATE_INFOPLIST_FILE = YES;
				IPHONEOS_DEPLOYMENT_TARGET = 17.0;
				PRODUCT_BUNDLE_IDENTIFIER = "com.samuelloranger.tether-mobile.uitests";
				PRODUCT_NAME = "$(TARGET_NAME)";
				SDKROOT = iphoneos;
				SWIFT_EMIT_LOC_STRINGS = NO;
				SWIFT_VERSION = 5.0;
				TARGETED_DEVICE_FAMILY = "1,2";
				TEST_TARGET_NAME = TetherIOS;
				VALIDATE_PRODUCT = YES;
			};
			name = Release;
		};
/* End XCBuildConfiguration section */

/* Begin XCConfigurationList section */
		3B34CC97BDB6121200D62174 /* Build configuration list for PBXNativeTarget "TetherIOSUITests" */ = {
			isa = XCConfigurationList;
			buildConfigurations = (
				A093C9CECFB37961CDCF4201 /* Release */,
				7F12698A909173029B381375 /* Debug */,
			);
			defaultConfigurationIsVisible = 0;
			defaultConfigurationName = Release;
		};
		B10000000000000000000060 /* Build configuration list for PBXNativeTarget "TetherIOS" */ = {
			isa = XCConfigurationList;
			buildConfigurations = (
				B10000000000000000000072 /* Debug */,
				B10000000000000000000073 /* Release */,
			);
			defaultConfigurationIsVisible = 0;
			defaultConfigurationName = Release;
		};
		B10000000000000000000061 /* Build configuration list for PBXProject "Tether" */ = {
			isa = XCConfigurationList;
			buildConfigurations = (
				B10000000000000000000070 /* Debug */,
				B10000000000000000000071 /* Release */,
			);
			defaultConfigurationIsVisible = 0;
			defaultConfigurationName = Release;
		};
		B20000000000000000000060 /* Build configuration list for PBXNativeTarget "TetherNotificationService" */ = {
			isa = XCConfigurationList;
			buildConfigurations = (
				B20000000000000000000072 /* Debug */,
				B20000000000000000000073 /* Release */,
			);
			defaultConfigurationIsVisible = 0;
			defaultConfigurationName = Release;
		};
/* End XCConfigurationList section */

/* Begin XCLocalSwiftPackageReference section */
		B10000000000000000000022 /* XCLocalSwiftPackageReference "TetherKit" */ = {
			isa = XCLocalSwiftPackageReference;
			relativePath = TetherKit;
		};
/* End XCLocalSwiftPackageReference section */

/* Begin XCSwiftPackageProductDependency section */
		B10000000000000000000021 /* TetherKit */ = {
			isa = XCSwiftPackageProductDependency;
			package = B10000000000000000000022 /* XCLocalSwiftPackageReference "TetherKit" */;
			productName = TetherKit;
		};
/* End XCSwiftPackageProductDependency section */
	};
	rootObject = B10000000000000000000050 /* Project object */;
}
